dependencies:
- name: timescaledb
  repository: oci://registry-1.docker.io/cloudpirates
  version: 0.12.1
- name: grafana
  repository: oci://ghcr.io/grafana-community/helm-charts
  version: 12.4.8
digest: sha256:79edd2eed63c06f76acffea18f6d2fa94b1f09c5686f50de84355a1cb47dac32
generated: "2026-06-18T12:48:49.256186118+02:00"
