dependencies:
- name: timescaledb
  repository: oci://registry-1.docker.io/cloudpirates
  version: 0.11.3
- name: grafana
  repository: oci://ghcr.io/grafana-community/helm-charts
  version: 10.5.15
digest: sha256:3f9ff7abbaf6eb2743d67d3d6d18ff8ff7945202857730113fe4b7301b063518
generated: "2026-05-05T09:58:15.418147665+02:00"
