dependencies:
- name: timescaledb
  repository: oci://registry-1.docker.io/cloudpirates
  version: 0.11.3
- name: grafana
  repository: oci://ghcr.io/grafana-community/helm-charts
  version: 12.4.8
digest: sha256:cb31197957e02de97a0f07a76aa59ba93caf0739747ef82e6bb97641d1ebfa86
generated: "2026-06-18T11:10:54.416396421+02:00"
